<Solution>
  <Folder Name="/Modules/">
    <Project Path="Modules/Offers/Offers.csproj" />
  </Folder>
  <Project Path="Fitnet.Abstractions\Fitnet.Abstractions.csproj" />
  <Project Path="Fitnet.AppHost/Fitnet.AppHost.csproj" />
  <Project Path="Fitnet.ArchitectureTests\Fitnet.ArchitectureTests.csproj" />
  <Project Path="Fitnet.IntegrationTests\Fitnet.IntegrationTests.csproj" />
  <Project Path="Fitnet.UnitTests\Fitnet.UnitTests.csproj" />
  <Project Path="Fitnet\Fitnet.csproj" />
</Solution>